
Microsoft Visual Studio Solution File, Format Version 12.00
# Visual Studio Version 16
VisualStudioVersion = 16.0.29905.134
MinimumVisualStudioVersion = 10.0.40219.1
Project("{9A19103F-16F7-4668-BE54-9A1E7A4F7556}") = "DeadLinkFinderConsole", "DeadLinkFinderConsole\DeadLinkFinderConsole.csproj", "{6C3D783E-6748-4E7C-AD38-76F333031687}"
EndProject
Project("{9A19103F-16F7-4668-BE54-9A1E7A4F7556}") = "GitHubRepoFinder", "GitHubRepoFinder\GitHubRepoFinder.csproj", "{ADB0D372-F171-4643-8016-F82E8CC9A936}"
EndProject
Project("{9A19103F-16F7-4668-BE54-9A1E7A4F7556}") = "WebsiteLinksChecker", "WebsiteLinksChecker\WebsiteLinksChecker.csproj", "{A5D21E7D-3B79-4603-87F5-5E1852D75303}"
EndProject
Project("{9A19103F-16F7-4668-BE54-9A1E7A4F7556}") = "WebsiteLinksCheckerTest", "WebsiteLinksCheckerTest\WebsiteLinksCheckerTest.csproj", "{55600D32-3FBD-443E-AD07-CB6AE4FF1B98}"
EndProject
Project("{9A19103F-16F7-4668-BE54-9A1E7A4F7556}") = "DeadLinkFinderConsoleTest", "DeadLinkFinderConsoleTest\DeadLinkFinderConsoleTest.csproj", "{485D6A32-F21F-4E16-B45B-D68CEB5FBCDF}"
EndProject
Project("{FAE04EC0-301F-11D3-BF4B-00C04F79EFBC}") = "DeadLinkFinderWeb", "DeadLinkFinderWeb\DeadLinkFinderWeb.csproj", "{AB7716D4-5F49-400F-B3B1-A58159F4C162}"
EndProject
Global
	GlobalSection(SolutionConfigurationPlatforms) = preSolution
		Debug|Any CPU = Debug|Any CPU
		Release|Any CPU = Release|Any CPU
	EndGlobalSection
	GlobalSection(ProjectConfigurationPlatforms) = postSolution
		{6C3D783E-6748-4E7C-AD38-76F333031687}.Debug|Any CPU.ActiveCfg = Debug|Any CPU
		{6C3D783E-6748-4E7C-AD38-76F333031687}.Debug|Any CPU.Build.0 = Debug|Any CPU
		{6C3D783E-6748-4E7C-AD38-76F333031687}.Release|Any CPU.ActiveCfg = Release|Any CPU
		{6C3D783E-6748-4E7C-AD38-76F333031687}.Release|Any CPU.Build.0 = Release|Any CPU
		{ADB0D372-F171-4643-8016-F82E8CC9A936}.Debug|Any CPU.ActiveCfg = Debug|Any CPU
		{ADB0D372-F171-4643-8016-F82E8CC9A936}.Debug|Any CPU.Build.0 = Debug|Any CPU
		{ADB0D372-F171-4643-8016-F82E8CC9A936}.Release|Any CPU.ActiveCfg = Release|Any CPU
		{ADB0D372-F171-4643-8016-F82E8CC9A936}.Release|Any CPU.Build.0 = Release|Any CPU
		{A5D21E7D-3B79-4603-87F5-5E1852D75303}.Debug|Any CPU.ActiveCfg = Debug|Any CPU
		{A5D21E7D-3B79-4603-87F5-5E1852D75303}.Debug|Any CPU.Build.0 = Debug|Any CPU
		{A5D21E7D-3B79-4603-87F5-5E1852D75303}.Release|Any CPU.ActiveCfg = Release|Any CPU
		{A5D21E7D-3B79-4603-87F5-5E1852D75303}.Release|Any CPU.Build.0 = Release|Any CPU
		{55600D32-3FBD-443E-AD07-CB6AE4FF1B98}.Debug|Any CPU.ActiveCfg = Debug|Any CPU
		{55600D32-3FBD-443E-AD07-CB6AE4FF1B98}.Debug|Any CPU.Build.0 = Debug|Any CPU
		{55600D32-3FBD-443E-AD07-CB6AE4FF1B98}.Release|Any CPU.ActiveCfg = Release|Any CPU
		{55600D32-3FBD-443E-AD07-CB6AE4FF1B98}.Release|Any CPU.Build.0 = Release|Any CPU
		{485D6A32-F21F-4E16-B45B-D68CEB5FBCDF}.Debug|Any CPU.ActiveCfg = Debug|Any CPU
		{485D6A32-F21F-4E16-B45B-D68CEB5FBCDF}.Debug|Any CPU.Build.0 = Debug|Any CPU
		{485D6A32-F21F-4E16-B45B-D68CEB5FBCDF}.Release|Any CPU.ActiveCfg = Release|Any CPU
		{485D6A32-F21F-4E16-B45B-D68CEB5FBCDF}.Release|Any CPU.Build.0 = Release|Any CPU
		{AB7716D4-5F49-400F-B3B1-A58159F4C162}.Debug|Any CPU.ActiveCfg = Debug|Any CPU
		{AB7716D4-5F49-400F-B3B1-A58159F4C162}.Debug|Any CPU.Build.0 = Debug|Any CPU
		{AB7716D4-5F49-400F-B3B1-A58159F4C162}.Release|Any CPU.ActiveCfg = Release|Any CPU
		{AB7716D4-5F49-400F-B3B1-A58159F4C162}.Release|Any CPU.Build.0 = Release|Any CPU
	EndGlobalSection
	GlobalSection(SolutionProperties) = preSolution
		HideSolutionNode = FALSE
	EndGlobalSection
	GlobalSection(ExtensibilityGlobals) = postSolution
		SolutionGuid = {8750BB86-E3F4-40EB-9A32-3938E7D47955}
	EndGlobalSection
EndGlobal
